// !$*UTF8*$!
{
	archiveVersion = 1;
	classes = {
	};
	objectVersion = 46;
	objects = {

/* Begin PBXBuildFile section */
		350D94B11B20CF6700EF3C0B /* AppDelegate.swift in Sources */ = {isa = PBXBuildFile; fileRef = 350D94B01B20CF6700EF3C0B /* AppDelegate.swift */; };
		350D94B31B20CF6700EF3C0B /* ViewController.swift in Sources */ = {isa = PBXBuildFile; fileRef = 350D94B21B20CF6700EF3C0B /* ViewController.swift */; };
		350D94B61B20CF6700EF3C0B /* Main.storyboard in Resources */ = {isa = PBXBuildFile; fileRef = 350D94B41B20CF6700EF3C0B /* Main.storyboard */; };
		350D94B81B20CF6700EF3C0B /* Images.xcassets in Resources */ = {isa = PBXBuildFile; fileRef = 350D94B71B20CF6700EF3C0B /* Images.xcassets */; };
		350D94BB1B20CF6700EF3C0B /* LaunchScreen.xib in Resources */ = {isa = PBXBuildFile; fileRef = 350D94B91B20CF6700EF3C0B /* LaunchScreen.xib */; };
		350D94C71B20CF6700EF3C0B /* facts_iosTests.swift in Sources */ = {isa = PBXBuildFile; fileRef = 350D94C61B20CF6700EF3C0B /* facts_iosTests.swift */; };
		350D94D31B20F6DB00EF3C0B /* FactBook.swift in Sources */ = {isa = PBXBuildFile; fileRef = 350D94D21B20F6DB00EF3C0B /* FactBook.swift */; };
/* End PBXBuildFile section */

/* Begin PBXContainerItemProxy section */
		350D94C11B20CF6700EF3C0B /* PBXContainerItemProxy */ = {
			isa = PBXContainerItemProxy;
			containerPortal = 350D94A31B20CF6700EF3C0B /* Project object */;
			proxyType = 1;
			remoteGlobalIDString = 350D94AA1B20CF6700EF3C0B;
			remoteInfo = "facts-ios";
		};
/* End PBXContainerItemProxy section */

/* Begin PBXFileReference section */
		350D94AB1B20CF6700EF3C0B /* facts-ios.app */ = {isa = PBXFileReference; explicitFileType = wrapper.application; includeInIndex = 0; path = "facts-ios.app"; sourceTree = BUILT_PRODUCTS_DIR; };
		350D94AF1B20CF6700EF3C0B /* Info.plist */ = {isa = PBXFileReference; lastKnownFileType = text.plist.xml; path = Info.plist; sourceTree = "<group>"; };
		350D94B01B20CF6700EF3C0B /* AppDelegate.swift */ = {isa = PBXFileReference; lastKnownFileType = sourcecode.swift; path = AppDelegate.swift; sourceTree = "<group>"; };
		350D94B21B20CF6700EF3C0B /* ViewController.swift */ = {isa = PBXFileReference; lastKnownFileType = sourcecode.swift; path = ViewController.swift; sourceTree = "<group>"; };
		350D94B51B20CF6700EF3C0B /* Base */ = {isa = PBXFileReference; lastKnownFileType = file.storyboard; name = Base; path = Base.lproj/Main.storyboard; sourceTree = "<group>"; };
		350D94B71B20CF6700EF3C0B /* Images.xcassets */ = {isa = PBXFileReference; lastKnownFileType = folder.assetcatalog; path = Images.xcassets; sourceTree = "<group>"; };
		350D94BA1B20CF6700EF3C0B /* Base */ = {isa = PBXFileReference; lastKnownFileType = file.xib; name = Base; path = Base.lproj/LaunchScreen.xib; sourceTree = "<group>"; };
		350D94C01B20CF6700EF3C0B /* facts-iosTests.xctest */ = {isa = PBXFileReference; explicitFileType = wrapper.cfbundle; includeInIndex = 0; path = "facts-iosTests.xctest"; sourceTree = BUILT_PRODUCTS_DIR; };
		350D94C51B20CF6700EF3C0B /* Info.plist */ = {isa = PBXFileReference; lastKnownFileType = text.plist.xml; path = Info.plist; sourceTree = "<group>"; };
		350D94C61B20CF6700EF3C0B /* facts_iosTests.swift */ = {isa = PBXFileReference; lastKnownFileType = sourcecode.swift; path = facts_iosTests.swift; sourceTree = "<group>"; };
		350D94D11B20D01F00EF3C0B /* facts-ios-Scratchspace.playground */ = {isa = PBXFileReference; lastKnownFileType = file.playground; path = "facts-ios-Scratchspace.playground"; sourceTree = "<group>"; };
		350D94D21B20F6DB00EF3C0B /* FactBook.swift */ = {isa = PBXFileReference; fileEncoding = 4; lastKnownFileType = sourcecode.swift; path = FactBook.swift; sourceTree = "<group>"; };
/* End PBXFileReference section */

/* Begin PBXFrameworksBuildPhase section */
		350D94A81B20CF6700EF3C0B /* Frameworks */ = {
			isa = PBXFrameworksBuildPhase;
			buildActionMask = 2147483647;
			files = (
			);
			runOnlyForDeploymentPostprocessing = 0;
		};
		350D94BD1B20CF6700EF3C0B /* Frameworks */ = {
			isa = PBXFrameworksBuildPhase;
			buildActionMask = 2147483647;
			files = (
			);
			runOnlyForDeploymentPostprocessing = 0;
		};
/* End PBXFrameworksBuildPhase section */

/* Begin PBXGroup section */
		350D94A21B20CF6700EF3C0B = {
			isa = PBXGroup;
			children = (
				350D94AD1B20CF6700EF3C0B /* facts-ios */,
				350D94D01B20CFFD00EF3C0B /* Scratchspace */,
				350D94C31B20CF6700EF3C0B /* facts-iosTests */,
				350D94AC1B20CF6700EF3C0B /* Products */,
			);
			sourceTree = "<group>";
		};
		350D94AC1B20CF6700EF3C0B /* Products */ = {
			isa = PBXGroup;
			children = (
				350D94AB1B20CF6700EF3C0B /* facts-ios.app */,
				350D94C01B20CF6700EF3C0B /* facts-iosTests.xctest */,
			);
			name = Products;
			sourceTree = "<group>";
		};
		350D94AD1B20CF6700EF3C0B /* facts-ios */ = {
			isa = PBXGroup;
			children = (
				350D94B01B20CF6700EF3C0B /* AppDelegate.swift */,
				350D94D21B20F6DB00EF3C0B /* FactBook.swift */,
				350D94B21B20CF6700EF3C0B /* ViewController.swift */,
				350D94B41B20CF6700EF3C0B /* Main.storyboard */,
				350D94B71B20CF6700EF3C0B /* Images.xcassets */,
				350D94B91B20CF6700EF3C0B /* LaunchScreen.xib */,
				350D94AE1B20CF6700EF3C0B /* Supporting Files */,
			);
			path = "facts-ios";
			sourceTree = "<group>";
		};
		350D94AE1B20CF6700EF3C0B /* Supporting Files */ = {
			isa = PBXGroup;
			children = (
				350D94AF1B20CF6700EF3C0B /* Info.plist */,
			);
			name = "Supporting Files";
			sourceTree = "<group>";
		};
		350D94C31B20CF6700EF3C0B /* facts-iosTests */ = {
			isa = PBXGroup;
			children = (
				350D94C61B20CF6700EF3C0B /* facts_iosTests.swift */,
				350D94C41B20CF6700EF3C0B /* Supporting Files */,
			);
			path = "facts-iosTests";
			sourceTree = "<group>";
		};
		350D94C41B20CF6700EF3C0B /* Supporting Files */ = {
			isa = PBXGroup;
			children = (
				350D94C51B20CF6700EF3C0B /* Info.plist */,
			);
			name = "Supporting Files";
			sourceTree = "<group>";
		};
		350D94D01B20CFFD00EF3C0B /* Scratchspace */ = {
			isa = PBXGroup;
			children = (
				350D94D11B20D01F00EF3C0B /* facts-ios-Scratchspace.playground */,
			);
			name = Scratchspace;
			path = "facts-ios";
			sourceTree = "<group>";
		};
/* End PBXGroup section */

/* Begin PBXNativeTarget section */
		350D94AA1B20CF6700EF3C0B /* facts-ios */ = {
			isa = PBXNativeTarget;
			buildConfigurationList = 350D94CA1B20CF6700EF3C0B /* Build configuration list for PBXNativeTarget "facts-ios" */;
			buildPhases = (
				350D94A71B20CF6700EF3C0B /* Sources */,
				350D94A81B20CF6700EF3C0B /* Frameworks */,
				350D94A91B20CF6700EF3C0B /* Resources */,
			);
			buildRules = (
			);
			dependencies = (
			);
			name = "facts-ios";
			productName = "facts-ios";
			productReference = 350D94AB1B20CF6700EF3C0B /* facts-ios.app */;
			productType = "com.apple.product-type.application";
		};
		350D94BF1B20CF6700EF3C0B /* facts-iosTests */ = {
			isa = PBXNativeTarget;
			buildConfigurationList = 350D94CD1B20CF6700EF3C0B /* Build configuration list for PBXNativeTarget "facts-iosTests" */;
			buildPhases = (
				350D94BC1B20CF6700EF3C0B /* Sources */,
				350D94BD1B20CF6700EF3C0B /* Frameworks */,
				350D94BE1B20CF6700EF3C0B /* Resources */,
			);
			buildRules = (
			);
			dependencies = (
				350D94C21B20CF6700EF3C0B /* PBXTargetDependency */,
			);
			name = "facts-iosTests";
			productName = "facts-iosTests";
			productReference = 350D94C01B20CF6700EF3C0B /* facts-iosTests.xctest */;
			productType = "com.apple.product-type.bundle.unit-test";
		};
/* End PBXNativeTarget section */

/* Begin PBXProject section */
		350D94A31B20CF6700EF3C0B /* Project object */ = {
			isa = PBXProject;
			attributes = {
				LastUpgradeCheck = 0630;
				ORGANIZATIONNAME = "District Labs";
				TargetAttributes = {
					350D94AA1B20CF6700EF3C0B = {
						CreatedOnToolsVersion = 6.3.2;
					};
					350D94BF1B20CF6700EF3C0B = {
						CreatedOnToolsVersion = 6.3.2;
						TestTargetID = 350D94AA1B20CF6700EF3C0B;
					};
				};
			};
			buildConfigurationList = 350D94A61B20CF6700EF3C0B /* Build configuration list for PBXProject "facts-ios" */;
			compatibilityVersion = "Xcode 3.2";
			developmentRegion = English;
			hasScannedForEncodings = 0;
			knownRegions = (
				en,
				Base,
			);
			mainGroup = 350D94A21B20CF6700EF3C0B;
			productRefGroup = 350D94AC1B20CF6700EF3C0B /* Products */;
			projectDirPath = "";
			projectRoot = "";
			targets = (
				350D94AA1B20CF6700EF3C0B /* facts-ios */,
				350D94BF1B20CF6700EF3C0B /* facts-iosTests */,
			);
		};
/* End PBXProject section */

/* Begin PBXResourcesBuildPhase section */
		350D94A91B20CF6700EF3C0B /* Resources */ = {
			isa = PBXResourcesBuildPhase;
			buildActionMask = 2147483647;
			files = (
				350D94B61B20CF6700EF3C0B /* Main.storyboard in Resources */,
				350D94BB1B20CF6700EF3C0B /* LaunchScreen.xib in Resources */,
				350D94B81B20CF6700EF3C0B /* Images.xcassets in Resources */,
			);
			runOnlyForDeploymentPostprocessing = 0;
		};
		350D94BE1B20CF6700EF3C0B /* Resources */ = {
			isa = PBXResourcesBuildPhase;
			buildActionMask = 2147483647;
			files = (
			);
			runOnlyForDeploymentPostprocessing = 0;
		};
/* End PBXResourcesBuildPhase section */

/* Begin PBXSourcesBuildPhase section */
		350D94A71B20CF6700EF3C0B /* Sources */ = {
			isa = PBXSourcesBuildPhase;
			buildActionMask = 2147483647;
			files = (
				350D94D31B20F6DB00EF3C0B /* FactBook.swift in Sources */,
				350D94B31B20CF6700EF3C0B /* ViewController.swift in Sources */,
				350D94B11B20CF6700EF3C0B /* AppDelegate.swift in Sources */,
			);
			runOnlyForDeploymentPostprocessing = 0;
		};
		350D94BC1B20CF6700EF3C0B /* Sources */ = {
			isa = PBXSourcesBuildPhase;
			buildActionMask = 2147483647;
			files = (
				350D94C71B20CF6700EF3C0B /* facts_iosTests.swift in Sources */,
			);
			runOnlyForDeploymentPostprocessing = 0;
		};
/* End PBXSourcesBuildPhase section */

/* Begin PBXTargetDependency section */
		350D94C21B20CF6700EF3C0B /* PBXTargetDependency */ = {
			isa = PBXTargetDependency;
			target = 350D94AA1B20CF6700EF3C0B /* facts-ios */;
			targetProxy = 350D94C11B20CF6700EF3C0B /* PBXContainerItemProxy */;
		};
/* End PBXTargetDependency section */

/* Begin PBXVariantGroup section */
		350D94B41B20CF6700EF3C0B /* Main.storyboard */ = {
			isa = PBXVariantGroup;
			children = (
				350D94B51B20CF6700EF3C0B /* Base */,
			);
			name = Main.storyboard;
			sourceTree = "<group>";
		};
		350D94B91B20CF6700EF3C0B /* LaunchScreen.xib */ = {
			isa = PBXVariantGroup;
			children = (
				350D94BA1B20CF6700EF3C0B /* Base */,
			);
			name = LaunchScreen.xib;
			sourceTree = "<group>";
		};
/* End PBXVariantGroup section */

/* Begin XCBuildConfiguration section */
		350D94C81B20CF6700EF3C0B /* Debug */ = {
			isa = XCBuildConfiguration;
			buildSettings = {
				ALWAYS_SEARCH_USER_PATHS = NO;
				CLANG_CXX_LANGUAGE_STANDARD = "gnu++0x";
				CLANG_CXX_LIBRARY = "libc++";
				CLANG_ENABLE_MODULES = YES;
				CLANG_ENABLE_OBJC_ARC = YES;
				CLANG_WARN_BOOL_CONVERSION = YES;
				CLANG_WARN_CONSTANT_CONVERSION = YES;
				CLANG_WARN_DIRECT_OBJC_ISA_USAGE = YES_ERROR;
				CLANG_WARN_EMPTY_BODY = YES;
				CLANG_WARN_ENUM_CONVERSION = YES;
				CLANG_WARN_INT_CONVERSION = YES;
				CLANG_WARN_OBJC_ROOT_CLASS = YES_ERROR;
				CLANG_WARN_UNREACHABLE_CODE = YES;
				CLANG_WARN__DUPLICATE_METHOD_MATCH = YES;
				"CODE_SIGN_IDENTITY[sdk=iphoneos*]" = "iPhone Developer";
				COPY_PHASE_STRIP = NO;
				DEBUG_INFORMATION_FORMAT = "dwarf-with-dsym";
				ENABLE_STRICT_OBJC_MSGSEND = YES;
				GCC_C_LANGUAGE_STANDARD = gnu99;
				GCC_DYNAMIC_NO_PIC = NO;
				GCC_NO_COMMON_BLOCKS = YES;
				GCC_OPTIMIZATION_LEVEL = 0;
				GCC_PREPROCESSOR_DEFINITIONS = (
					"DEBUG=1",
					"$(inherited)",
				);
				GCC_SYMBOLS_PRIVATE_EXTERN = NO;
				GCC_WARN_64_TO_32_BIT_CONVERSION = YES;
				GCC_WARN_ABOUT_RETURN_TYPE = YES_ERROR;
				GCC_WARN_UNDECLARED_SELECTOR = YES;
				GCC_WARN_UNINITIALIZED_AUTOS = YES_AGGRESSIVE;
				GCC_WARN_UNUSED_FUNCTION = YES;
				GCC_WARN_UNUSED_VARIABLE = YES;
				IPHONEOS_DEPLOYMENT_TARGET = 8.3;
				MTL_ENABLE_DEBUG_INFO = YES;
				ONLY_ACTIVE_ARCH = YES;
				SDKROOT = iphoneos;
				SWIFT_OPTIMIZATION_LEVEL = "-Onone";
				TARGETED_DEVICE_FAMILY = "1,2";
			};
			name = Debug;
		};
		350D94C91B20CF6700EF3C0B /* Release */ = {
			isa = XCBuildConfiguration;
			buildSettings = {
				ALWAYS_SEARCH_USER_PATHS = NO;
				CLANG_CXX_LANGUAGE_STANDARD = "gnu++0x";
				CLANG_CXX_LIBRARY = "libc++";
				CLANG_ENABLE_MODULES = YES;
				CLANG_ENABLE_OBJC_ARC = YES;
				CLANG_WARN_BOOL_CONVERSION = YES;
				CLANG_WARN_CONSTANT_CONVERSION = YES;
				CLANG_WARN_DIRECT_OBJC_ISA_USAGE = YES_ERROR;
				CLANG_WARN_EMPTY_BODY = YES;
				CLANG_WARN_ENUM_CONVERSION = YES;
				CLANG_WARN_INT_CONVERSION = YES;
				CLANG_WARN_OBJC_ROOT_CLASS = YES_ERROR;
				CLANG_WARN_UNREACHABLE_CODE = YES;
				CLANG_WARN__DUPLICATE_METHOD_MATCH = YES;
				"CODE_SIGN_IDENTITY[sdk=iphoneos*]" = "iPhone Developer";
				COPY_PHASE_STRIP = NO;
				DEBUG_INFORMATION_FORMAT = "dwarf-with-dsym";
				ENABLE_NS_ASSERTIONS = NO;
				ENABLE_STRICT_OBJC_MSGSEND = YES;
				GCC_C_LANGUAGE_STANDARD = gnu99;
				GCC_NO_COMMON_BLOCKS = YES;
				GCC_WARN_64_TO_32_BIT_CONVERSION = YES;
				GCC_WARN_ABOUT_RETURN_TYPE = YES_ERROR;
				GCC_WARN_UNDECLARED_SELECTOR = YES;
				GCC_WARN_UNINITIALIZED_AUTOS = YES_AGGRESSIVE;
				GCC_WARN_UNUSED_FUNCTION = YES;
				GCC_WARN_UNUSED_VARIABLE = YES;
				IPHONEOS_DEPLOYMENT_TARGET = 8.3;
				MTL_ENABLE_DEBUG_INFO = NO;
				SDKROOT = iphoneos;
				TARGETED_DEVICE_FAMILY = "1,2";
				VALIDATE_PRODUCT = YES;
			};
			name = Release;
		};
		350D94CB1B20CF6700EF3C0B /* Debug */ = {
			isa = XCBuildConfiguration;
			buildSettings = {
				ASSETCATALOG_COMPILER_APPICON_NAME = AppIcon;
				INFOPLIST_FILE = "facts-ios/Info.plist";
				LD_RUNPATH_SEARCH_PATHS = "$(inherited) @executable_path/Frameworks";
				PRODUCT_NAME = "$(TARGET_NAME)";
			};
			name = Debug;
		};
		350D94CC1B20CF6700EF3C0B /* Release */ = {
			isa = XCBuildConfiguration;
			buildSettings = {
				ASSETCATALOG_COMPILER_APPICON_NAME = AppIcon;
				INFOPLIST_FILE = "facts-ios/Info.plist";
				LD_RUNPATH_SEARCH_PATHS = "$(inherited) @executable_path/Frameworks";
				PRODUCT_NAME = "$(TARGET_NAME)";
			};
			name = Release;
		};
		350D94CE1B20CF6700EF3C0B /* Debug */ = {
			isa = XCBuildConfiguration;
			buildSettings = {
				BUNDLE_LOADER = "$(TEST_HOST)";
				FRAMEWORK_SEARCH_PATHS = (
					"$(SDKROOT)/Developer/Library/Frameworks",
					"$(inherited)",
				);
				GCC_PREPROCESSOR_DEFINITIONS = (
					"DEBUG=1",
					"$(inherited)",
				);
				INFOPLIST_FILE = "facts-iosTests/Info.plist";
				LD_RUNPATH_SEARCH_PATHS = "$(inherited) @executable_path/Frameworks @loader_path/Frameworks";
				PRODUCT_NAME = "$(TARGET_NAME)";
				TEST_HOST = "$(BUILT_PRODUCTS_DIR)/facts-ios.app/facts-ios";
			};
			name = Debug;
		};
		350D94CF1B20CF6700EF3C0B /* Release */ = {
			isa = XCBuildConfiguration;
			buildSettings = {
				BUNDLE_LOADER = "$(TEST_HOST)";
				FRAMEWORK_SEARCH_PATHS = (
					"$(SDKROOT)/Developer/Library/Frameworks",
					"$(inherited)",
				);
				INFOPLIST_FILE = "facts-iosTests/Info.plist";
				LD_RUNPATH_SEARCH_PATHS = "$(inherited) @executable_path/Frameworks @loader_path/Frameworks";
				PRODUCT_NAME = "$(TARGET_NAME)";
				TEST_HOST = "$(BUILT_PRODUCTS_DIR)/facts-ios.app/facts-ios";
			};
			name = Release;
		};
/* End XCBuildConfiguration section */

/* Begin XCConfigurationList section */
		350D94A61B20CF6700EF3C0B /* Build configuration list for PBXProject "facts-ios" */ = {
			isa = XCConfigurationList;
			buildConfigurations = (
				350D94C81B20CF6700EF3C0B /* Debug */,
				350D94C91B20CF6700EF3C0B /* Release */,
			);
			defaultConfigurationIsVisible = 0;
			defaultConfigurationName = Release;
		};
		350D94CA1B20CF6700EF3C0B /* Build configuration list for PBXNativeTarget "facts-ios" */ = {
			isa = XCConfigurationList;
			buildConfigurations = (
				350D94CB1B20CF6700EF3C0B /* Debug */,
				350D94CC1B20CF6700EF3C0B /* Release */,
			);
			defaultConfigurationIsVisible = 0;
		};
		350D94CD1B20CF6700EF3C0B /* Build configuration list for PBXNativeTarget "facts-iosTests" */ = {
			isa = XCConfigurationList;
			buildConfigurations = (
				350D94CE1B20CF6700EF3C0B /* Debug */,
				350D94CF1B20CF6700EF3C0B /* Release */,
			);
			defaultConfigurationIsVisible = 0;
		};
/* End XCConfigurationList section */
	};
	rootObject = 350D94A31B20CF6700EF3C0B /* Project object */;
}
